
Microsoft Visual Studio Solution File, Format Version 12.00
# Visual Studio Version 16
VisualStudioVersion = 16.0.30320.27
MinimumVisualStudioVersion = 10.0.40219.1
Project("{FAE04EC0-301F-11D3-BF4B-00C04F79EFBC}") = "EstoqueMercado", "EstoqueMercado.csproj", "{C8173691-EC2B-4415-BDD4-ED6BFB2C0028}"
EndProject
Global
	GlobalSection(SolutionConfigurationPlatforms) = preSolution
		Debug|Any CPU = Debug|Any CPU
		Release|Any CPU = Release|Any CPU
	EndGlobalSection
	GlobalSection(ProjectConfigurationPlatforms) = postSolution
		{C8173691-EC2B-4415-BDD4-ED6BFB2C0028}.Debug|Any CPU.ActiveCfg = Debug|Any CPU
		{C8173691-EC2B-4415-BDD4-ED6BFB2C0028}.Debug|Any CPU.Build.0 = Debug|Any CPU
		{C8173691-EC2B-4415-BDD4-ED6BFB2C0028}.Release|Any CPU.ActiveCfg = Release|Any CPU
		{C8173691-EC2B-4415-BDD4-ED6BFB2C0028}.Release|Any CPU.Build.0 = Release|Any CPU
	EndGlobalSection
	GlobalSection(SolutionProperties) = preSolution
		HideSolutionNode = FALSE
	EndGlobalSection
	GlobalSection(ExtensibilityGlobals) = postSolution
		SolutionGuid = {0DBD95FF-D768-4DA8-888A-BFA80439DFFA}
	EndGlobalSection
EndGlobal
